# THIS IS AN AUTOGENERATED FILE. DO NOT EDIT THIS FILE DIRECTLY.
# yarn lockfile v1


"@a-la/detect-jsx@^1.0.1":
  version "1.0.1"
  resolved "https://registry.yarnpkg.com/@a-la/detect-jsx/-/detect-jsx-1.0.1.tgz#ef36b5f3c129e0901d5752a86999a9910f6b5e7a"
  integrity sha512-ZxWfYmzeFt0CUDylMM8ZiZwSDOrZHyDnf5iVkimZKOfB5VwNEhC52NZCv5zctMFI2y3H4+jsePq6fXHc46FrFw==

"@a-la/jsx@^1.6.0":
  version "1.6.0"
  resolved "https://registry.yarnpkg.com/@a-la/jsx/-/jsx-1.6.0.tgz#803a8debba9b1d589ad505c610b196096ae0772d"
  integrity sha512-ybOpoq6pqt2L733csuR0LoUXoSpLH7t1qkIH2Gyxx77V4rcdzKB8fmC8Q60djA1ShS7YdIBR5a6hy03Trj1Gog==
  dependencies:
    "@a-la/detect-jsx" "^1.0.1"
    restream "^3.7.1"

"@artdeco/clean-stack@^1.1.1":
  version "1.1.1"
  resolved "https://registry.yarnpkg.com/@artdeco/clean-stack/-/clean-stack-1.1.1.tgz#0a68b9a061b5076ebaf948c150ea26d09c1e753f"
  integrity sha512-q5lO3vGUo0WgkSqzgzjL0HQdA9t2HzQqZISuVuQWMh9xqLuiLFP/ZTsxFc8vpMl7mNpGk7Mm0OeyFQ+Evrp0Cw==

"@depack/split@^1.0.0":
  version "1.0.0"
  resolved "https://registry.yarnpkg.com/@depack/split/-/split-1.0.0.tgz#37fea28d9bc6f01e5a2da87d393f402781bb7e99"
  integrity sha512-PNJPl01VFMKtyN7qBZ2cds4N/lO2KvzLrR7JamODFiuuL2X8mGoTKp1SI8fxlT2MwLV8mScCUKn55QPwsUX7iA==

"@externs/preact@^1.2.9":
  version "1.2.9"
  resolved "https://registry.yarnpkg.com/@externs/preact/-/preact-1.2.9.tgz#4c7be52ca978a98f8e2a4546cafcfef33416bf9a"
  integrity sha512-txXV8G4pFzZgQXQHqhlpT2c+WHFK3cRZ4eZGI38R9+h57zu/oJXQ8CGlvDlIpWhbh8DU+S4Kf66hX0rxs5+pZA==

"@idio/frontend@^1.6.0":
  version "1.6.0"
  resolved "https://registry.yarnpkg.com/@idio/frontend/-/frontend-1.6.0.tgz#7e8afd7d5f3256d817e35b49b6f418d90c5885ee"
  integrity sha512-IwsZcNQXaAu7TdKwP2tNRv2WWh+4sVWmBqHyr/SJH7Mkgmew2MiVdbf/COezJ7WNeGq3po2ZmU5c5MmCCDIjiw==
  dependencies:
    "@a-la/jsx" "^1.6.0"
    "@depack/split" "^1.0.0"
    "@wrote/exists" "^1.0.5"
    "@wrote/read" "^1.0.4"
    catchment "^3.3.0"
    fpj "^1.3.0"
    makepromise "^3.1.0"
    resolve-dependency "^1.0.3"
    restream "^3.7.4"

"@idio/idio@^0.1.0":
  version "0.1.0"
  resolved "https://registry.yarnpkg.com/@idio/idio/-/idio-0.1.0.tgz#06a77eca43a1c044d31148af7dd922047311da4f"
  integrity sha512-XdBwu9POX4441MlxxrmgtqthItOCzcOCq2sk8KxFxVOvf3qLZmYMWhyQ2mlbTXsFPZyz7L5d8Wa/LWQKBNVKsg==
  dependencies:
    mime-db "^1.40.0"

"@idio/websocket@^1.0.0":
  version "1.0.0"
  resolved "https://registry.yarnpkg.com/@idio/websocket/-/websocket-1.0.0.tgz#43b02ce185f7da73104f0e3fb2d920b9c017baed"
  integrity sha512-zziQTJW5UMgXS3RELr5D6VKLRMDWJ2z4wmoXhBmA7g8XJC1C2+yjv3/XjbFMaQVD4djPvuTk7/EiMfFLaTH7tA==
  dependencies:
    erte "1.1.6"

"@lemuria/absolute-proxy@^1.0.2":
  version "1.0.2"
  resolved "https://registry.yarnpkg.com/@lemuria/absolute-proxy/-/absolute-proxy-1.0.2.tgz#e75d499398d883d96683320ed638955deb45635f"
  integrity sha512-fBG7iYvUau85Fe4aaWosnpo4re9hNMGZVCoXIox2OBfSjR4akzJk9OyNR97X+cd1w2S94as+aHr+l70kM/vaqg==

"@lemuria/font@^1.0.4":
  version "1.0.4"
  resolved "https://registry.yarnpkg.com/@lemuria/font/-/font-1.0.4.tgz#03b3c1e90b1f7beb4e981220b28fd2848a090150"
  integrity sha512-jVNgVlEdoIt30vnSOh3Oh9ye3W/WDT5gACRJ8vN03ewQOEsHD25N09UQTiZuVl02+ZW6XDNCiTUni4WlvyIZug==

"@lemuria/load-scripts@^1.2.0":
  version "1.2.0"
  resolved "https://registry.yarnpkg.com/@lemuria/load-scripts/-/load-scripts-1.2.0.tgz#3e9cc72ce00beca90c10882fe379a7a18f13a544"
  integrity sha512-DW2UrTgcBPMutFm4Tkr/OeN8iaLse17A+o/tnet72pxTRVe32esjwnpbW3Xe5mUJcRG3PmVZT9J1B3Fdj4RcFg==

"@lemuria/popup@^1.1.1":
  version "1.1.1"
  resolved "https://registry.yarnpkg.com/@lemuria/popup/-/popup-1.1.1.tgz#95fe588e83648450d140dccd333c77aff8b5c01c"
  integrity sha512-biZJo/R63BDV47xhGxwIMPSj05S1Ekv9o5EZyTyd6fTQ9rQv3y1VIPCWEZdXNwZPNpzfO8KMeAy6FOtK3cwRIQ==

"@wrote/exists@^1.0.3", "@wrote/exists@^1.0.5":
  version "1.0.5"
  resolved "https://registry.yarnpkg.com/@wrote/exists/-/exists-1.0.5.tgz#6310f57ee017449ed17f19a85dd1a9dd6380d74b"
  integrity sha512-OLA2QrG/SkMP5ZGm6Am0ICG8IDzCwwnyErKjWWPTu6C1/eeCEqlZZSONSe6BquCFNQpOqhyZ+CTnmWULPXG9bg==
  dependencies:
    makepromise "^3.1.0"

"@wrote/read@^1.0.4":
  version "1.0.4"
  resolved "https://registry.yarnpkg.com/@wrote/read/-/read-1.0.4.tgz#b7343b3bbfb1d1b9ed35ee87e8021730f13f5fcf"
  integrity sha512-wRvv11mvywo2UIeFhvJ7SCO30hvW0P6jMBo1cAlYQOFwbdbTZYZxHdb1zz3VMF8o74W3xQAuvS78DNmA47NumQ==
  dependencies:
    catchment "^3.3.0"

"@zoroaster/assert@^1.0.2":
  version "1.0.2"
  resolved "https://registry.yarnpkg.com/@zoroaster/assert/-/assert-1.0.2.tgz#8ffe2ebb10c81d570d4965080f942af688321a1f"
  integrity sha512-5C0LDzW8DkiSSCLyYO9ux3R5ru65yEn/GtxH1wh7ukRhLAZ/Svx4+A81YvciXcn35B2VmvCqyiTrhNdxdgusSw==

"@zoroaster/mask@^2.2.0":
  version "2.3.0"
  resolved "https://registry.yarnpkg.com/@zoroaster/mask/-/mask-2.3.0.tgz#57d169417e09e481efafccbffdd93cef919ec5e6"
  integrity sha512-fufal06pS/SYhOKHCmoFQ+PjhQwsCwMr2h0D2xeiVaXstaWHJVEiLg4+BU/KCmOOzLXLKikf81ca4zFXip7ScQ==

alamode@^3.0.0, alamode@^3.2.0:
  version "3.2.0"
  resolved "https://registry.yarnpkg.com/alamode/-/alamode-3.2.0.tgz#ee79dcf2483b5e28e9aac8cd0dfdc692aa333ca5"
  integrity sha512-jDV6kYpIf9jHJUre1OOotW8EM2Qy58S/eOks2MWhjNz2xJQdEfyzFKbcdaZowC8sk5DKxsnapf/mZNE53B3haQ==

catchment@^3.3.0:
  version "3.3.0"
  resolved "https://registry.yarnpkg.com/catchment/-/catchment-3.3.0.tgz#e57eb70183d6a75ee71da0cb8ec2e76ac01317d2"
  integrity sha512-PACm54CBCUZv1uEOMyNiB6i0kkDMdDN0+VYXIQAaeZMDcjudyPccgpYLWQfGCwCW/Q9SOfD6MyBLmxL3qh7V3A==
  dependencies:
    "@artdeco/clean-stack" "^1.1.1"
    erotic "^2.1.0"

clipboard@^2.0.0:
  version "2.0.4"
  resolved "https://registry.yarnpkg.com/clipboard/-/clipboard-2.0.4.tgz#836dafd66cf0fea5d71ce5d5b0bf6e958009112d"
  integrity sha512-Vw26VSLRpJfBofiVaFb/I8PVfdI1OxKcYShe6fm0sP/DtmiWQNCjhM/okTvdCo0G+lMMm1rMYbk4IK4x1X+kgQ==
  dependencies:
    good-listener "^1.2.2"
    select "^1.1.2"
    tiny-emitter "^2.0.0"

delegate@^3.1.2:
  version "3.2.0"
  resolved "https://registry.yarnpkg.com/delegate/-/delegate-3.2.0.tgz#b66b71c3158522e8ab5744f720d8ca0c2af59166"
  integrity sha512-IofjkYBZaZivn0V8nnsMJGBr4jVLxHDheKSW88PyxS5QC4Vo9ZbZVvhzlSxY87fVq3STR6r+4cGepyHkcWOQSw==

diff@4.0.1:
  version "4.0.1"
  resolved "https://registry.yarnpkg.com/diff/-/diff-4.0.1.tgz#0c667cb467ebbb5cea7f14f135cc2dba7780a8ff"
  integrity sha512-s2+XdvhPCOF01LRQBC8hf4vhbVmI2CGS5aZnxLJlT5FtdhPCDFq80q++zK2KlrVorVDdL5BOGZ/VfLrVtYNF+Q==

documentary@^1.34.1:
  version "1.34.1"
  resolved "https://registry.yarnpkg.com/documentary/-/documentary-1.34.1.tgz#0b556051b9d1c28dcd52527332fab5bcffa117b9"
  integrity sha512-Gi7XJ9KQYOxObCEFq0rjmP0c7CVhlo1KTz1aw17qq4P7LGkS7YRN/5PWxPOM1a/87kWIOV/zekn5ZaoWdH9sMQ==
  dependencies:
    alamode "^3.0.0"
    preact "8.5.2"
    typal "^1.22.6"

dropcss@zavr-1/dropcss#743bdc8:
  version "1.0.16"
  resolved "https://codeload.github.com/zavr-1/dropcss/tar.gz/743bdc8ea155682a8519a242735cc66ebd760f77"

erotic@^2.1.0:
  version "2.1.1"
  resolved "https://registry.yarnpkg.com/erotic/-/erotic-2.1.1.tgz#97f20c2d6e7fd2ec6f7996823009d3ac8ae7157f"
  integrity sha512-S1ns+uibigdXxxzqiO5VNZw3d0YNrVb4jZ7OUAklO4722/ytp+nta6txsUhYmnIEI0TF7jjXNjGvcmw0I/Rs7A==
  dependencies:
    "@artdeco/clean-stack" "^1.1.1"

erte@1.1.6:
  version "1.1.6"
  resolved "https://registry.yarnpkg.com/erte/-/erte-1.1.6.tgz#78f1eade69151dde1acaa5bd3970d57ba2d45f72"
  integrity sha512-NQ6KXfFeGPM7ct2cCKVyz2K2xxM19ugXIYMzTt5eTR70KYnyK2jjZzkNf5aahZplPaBH8B68ySc6MfLO+Jdb7w==
  dependencies:
    diff "4.0.1"

fpj@^1.3.0:
  version "1.3.0"
  resolved "https://registry.yarnpkg.com/fpj/-/fpj-1.3.0.tgz#c01dd7d72e69fa5f82d339f5e6fbc3b3256d286a"
  integrity sha512-RduDTdeaoEPD+zzyv7eYefGiPD6DVhNnhwOWTzG1aJnCDmkJrbdDfaWAOxyM0Xw75Ui6+o6wJyAUDrnyqmQvcg==
  dependencies:
    "@wrote/exists" "^1.0.5"
    "@wrote/read" "^1.0.4"
    resolve-dependency "^1.0.3"

good-listener@^1.2.2:
  version "1.2.2"
  resolved "https://registry.yarnpkg.com/good-listener/-/good-listener-1.2.2.tgz#d53b30cdf9313dffb7dc9a0d477096aa6d145c50"
  integrity sha1-1TswzfkxPf+33JoNR3CWqm0UXFA=
  dependencies:
    delegate "^3.1.2"

highlight.js@9.16.2:
  version "9.16.2"
  resolved "https://registry.yarnpkg.com/highlight.js/-/highlight.js-9.16.2.tgz#68368d039ffe1c6211bcc07e483daf95de3e403e"
  integrity sha512-feMUrVLZvjy0oC7FVJQcSQRqbBq9kwqnYE4+Kj9ZjbHh3g+BisiPgF49NyQbVLNdrL/qqZr3Ca9yOKwgn2i/tw==

makepromise@^3.1.0:
  version "3.1.0"
  resolved "https://registry.yarnpkg.com/makepromise/-/makepromise-3.1.0.tgz#58a07ea1605ad10c14a907334e067d200402d8b9"
  integrity sha512-wbRpYfLteGKd3j96r30G2xCrqp3blk/kYOzGKBPnEix4a/VcHcxcYFwJ79fCZFtcEqMn8MGSh8h+D+/LlI+JQQ==
  dependencies:
    erotic "^2.1.0"

mime-db@^1.40.0:
  version "1.40.0"
  resolved "https://registry.yarnpkg.com/mime-db/-/mime-db-1.40.0.tgz#a65057e998db090f732a68f6c276d387d4126c32"
  integrity sha512-jYdeOMPy9vnxEqFRRo6ZvTZ8d9oPb+k18PKoYNYUe2stVEBPPwsln/qWzdbmaIvnhZ9v2P+CuecK+fpUfsV2mA==

preact@8.5.2:
  version "8.5.2"
  resolved "https://registry.yarnpkg.com/preact/-/preact-8.5.2.tgz#2f532da485287c07369e08150cf4d23921a09789"
  integrity sha512-37tlDJGq5IQKqGUbqPZ7qPtsTOWFyxe+ojAOFfzKo0dEPreenqrqgJuS83zGpeGAqD9h9L9Yr7QuxH2W4ZrKxg==

preact@8.5.3:
  version "8.5.3"
  resolved "https://registry.yarnpkg.com/preact/-/preact-8.5.3.tgz#78c2a5562fcecb1fed1d0055fa4ac1e27bde17c1"
  integrity sha512-O3kKP+1YdgqHOFsZF2a9JVdtqD+RPzCQc3rP+Ualf7V6rmRDchZ9MJbiGTT7LuyqFKZqlHSOyO/oMFmI2lVTsw==

prismjs@1.17.1:
  version "1.17.1"
  resolved "https://registry.yarnpkg.com/prismjs/-/prismjs-1.17.1.tgz#e669fcbd4cdd873c35102881c33b14d0d68519be"
  integrity sha512-PrEDJAFdUGbOP6xK/UsfkC5ghJsPJviKgnQOoxaDbBjwc8op68Quupwt1DeAFoG8GImPhiKXAvvsH7wDSLsu1Q==
  optionalDependencies:
    clipboard "^2.0.0"

resolve-dependency@^1.0.3:
  version "1.0.3"
  resolved "https://registry.yarnpkg.com/resolve-dependency/-/resolve-dependency-1.0.3.tgz#f0f78d0cea2c2fbf9dcf38b67ab15363aba8db34"
  integrity sha512-d9kWZE8B6XNztEl4UTYfZ08bSToR3uQSpRnumj4UWrY2UQTk9DBrMhpCfvNk1DowtB1gXdhn6fXtoKvYeRV5jg==
  dependencies:
    "@wrote/exists" "^1.0.3"

restream@^3.7.1:
  version "3.7.1"
  resolved "https://registry.yarnpkg.com/restream/-/restream-3.7.1.tgz#4ffefbd2a008965413e90d50fa7f0898889b3a61"
  integrity sha512-OZLcbqwcZ1VMW3MziEjE4xaeqXvl8r367pBmgviRNl3dywyzdi+ueKFW5p1qPaYaZwIRvaR/TqAlB0XKJVX90g==
  dependencies:
    "@artdeco/clean-stack" "^1.1.1"
    catchment "^3.3.0"

restream@^3.7.4:
  version "3.7.4"
  resolved "https://registry.yarnpkg.com/restream/-/restream-3.7.4.tgz#e86c455f92ba65ce41d9e450ed54d065a130f89c"
  integrity sha512-heKiPfU5CLE/jTLcs53MyvE1jje/V/JViAD95LMY1p0XVDLyVcyM4iUo0iYUnuNUYTUxrJyKpXDTu7GKOr0pFA==
  dependencies:
    "@artdeco/clean-stack" "^1.1.1"
    catchment "^3.3.0"

select@^1.1.2:
  version "1.1.2"
  resolved "https://registry.yarnpkg.com/select/-/select-1.1.2.tgz#0e7350acdec80b1108528786ec1d4418d11b396d"
  integrity sha1-DnNQrN7ICxEIUoeG7B1EGNEbOW0=

splendid@^1.16.2:
  version "1.16.2"
  resolved "https://registry.yarnpkg.com/splendid/-/splendid-1.16.2.tgz#a6cead9715687b72dd90ec6c54ffee74a9ac700c"
  integrity sha512-qLe+GZx2vqBJvjO4uI3/Xqv+4haZrN/mWmReEn3iGEBa4fh2/5FE8qioqFMiY/Uf3XQO+yYhUDnR/jToct7c8g==
  dependencies:
    "@externs/preact" "^1.2.9"
    "@idio/frontend" "^1.6.0"
    "@idio/idio" "^0.1.0"
    "@idio/websocket" "^1.0.0"
    "@lemuria/absolute-proxy" "^1.0.2"
    "@lemuria/font" "^1.0.4"
    "@lemuria/load-scripts" "^1.2.0"
    "@lemuria/popup" "^1.1.1"
    alamode "^3.2.0"
    dropcss zavr-1/dropcss#743bdc8
    highlight.js "9.16.2"
    preact "8.5.3"
    prismjs "1.17.1"

tiny-emitter@^2.0.0:
  version "2.1.0"
  resolved "https://registry.yarnpkg.com/tiny-emitter/-/tiny-emitter-2.1.0.tgz#1d1a56edfc51c43e863cbb5382a72330e3555423"
  integrity sha512-NB6Dk1A9xgQPMoGqC5CVXn123gWyte215ONT5Pp5a0yt4nlEoO1ZWeCwpncaekPHXO60i47ihFnZPiRPjRMq4Q==

typal@^1.22.6:
  version "1.22.6"
  resolved "https://registry.yarnpkg.com/typal/-/typal-1.22.6.tgz#c3162f5f19e91ad6d830375220e6552fcb4a0936"
  integrity sha512-N6tkgC/r7OXwH0/hEFNRH6S/7zPfMXJU45w78KGgy8JLbt3lAbWPd4NWUZjQt6o2id23P34KeHSmNR4ddI/zZQ==

zoroaster@^4.1.2:
  version "4.1.2"
  resolved "https://registry.yarnpkg.com/zoroaster/-/zoroaster-4.1.2.tgz#89e033cdeebf75564713436bd7e72af926e800fb"
  integrity sha512-mE5RlV12h5bEZ4LBX0NsR5NEwNicLR6kdwXMijWD8vH+8JmbtXuC664ndzsw46lnhmn2VWlafyBi5k/MMCmftA==
  dependencies:
    "@zoroaster/assert" "^1.0.2"
    "@zoroaster/mask" "^2.2.0"
    alamode "^3.0.0"
